
Microsoft Visual Studio Solution File, Format Version 12.00
# Visual Studio Version 16
VisualStudioVersion = 16.0.29311.281
MinimumVisualStudioVersion = 10.0.40219.1
Project("{E24C65DC-7377-472B-9ABA-BC803B73C61A}") = "html-docs-hello-world", ".", "{4828DB30-26B1-4E72-BBFA-0F3E991D96D2}"
	ProjectSection(WebsiteProperties) = preProject
		TargetFrameworkMoniker = ".NETFramework,Version%3Dv4.0"
		Debug.AspNetCompiler.VirtualPath = "/localhost_65232"
		Debug.AspNetCompiler.PhysicalPath = "..\html-docs-hello-world\"
		Debug.AspNetCompiler.TargetPath = "PrecompiledWeb\localhost_65232\"
		Debug.AspNetCompiler.Updateable = "true"
		Debug.AspNetCompiler.ForceOverwrite = "true"
		Debug.AspNetCompiler.FixedNames = "false"
		Debug.AspNetCompiler.Debug = "True"
		Release.AspNetCompiler.VirtualPath = "/localhost_65232"
		Release.AspNetCompiler.PhysicalPath = "..\html-docs-hello-world\"
		Release.AspNetCompiler.TargetPath = "PrecompiledWeb\localhost_65232\"
		Release.AspNetCompiler.Updateable = "true"
		Release.AspNetCompiler.ForceOverwrite = "true"
		Release.AspNetCompiler.FixedNames = "false"
		Release.AspNetCompiler.Debug = "False"
		VWDPort = "65232"
		SlnRelativePath = "..\html-docs-hello-world\"
	EndProjectSection
EndProject
Global
	GlobalSection(SolutionConfigurationPlatforms) = preSolution
		Debug|Any CPU = Debug|Any CPU
	EndGlobalSection
	GlobalSection(ProjectConfigurationPlatforms) = postSolution
		{4828DB30-26B1-4E72-BBFA-0F3E991D96D2}.Debug|Any CPU.ActiveCfg = Debug|Any CPU
		{4828DB30-26B1-4E72-BBFA-0F3E991D96D2}.Debug|Any CPU.Build.0 = Debug|Any CPU
	EndGlobalSection
	GlobalSection(SolutionProperties) = preSolution
		HideSolutionNode = FALSE
	EndGlobalSection
	GlobalSection(ExtensibilityGlobals) = postSolution
		SolutionGuid = {A388A9F5-687D-4A93-86E0-21F6A1A04EE3}
	EndGlobalSection
EndGlobal
